
Microsoft Visual Studio Solution File, Format Version 12.00
# Visual Studio Version 16
VisualStudioVersion = 16.0.29509.3
MinimumVisualStudioVersion = 10.0.40219.1
Project("{FAE04EC0-301F-11D3-BF4B-00C04F79EFBC}") = "AbstractDinerView", "AbstractDinerView\AbstractDinerView.csproj", "{3F69EBA7-1D6A-4D8D-B83A-E9E70DE72A2B}"
	ProjectSection(ProjectDependencies) = postProject
		{486D7DB4-82D3-407C-AA92-E69BFF8CEAF7} = {486D7DB4-82D3-407C-AA92-E69BFF8CEAF7}
	EndProjectSection
EndProject
Project("{9A19103F-16F7-4668-BE54-9A1E7A4F7556}") = "AbstractDinerBusinessLogic", "AbstractDinerBusinessLogic\AbstractDinerBusinessLogic.csproj", "{BFD8121B-DF33-47F6-89E8-EB8585D96A95}"
EndProject
Project("{9A19103F-16F7-4668-BE54-9A1E7A4F7556}") = "AbstractDinnerListImplement", "AbstractDinnerListImplement\AbstractDinnerListImplement.csproj", "{1D65AE2D-BCC9-4C79-B35A-8E1CCD56382C}"
EndProject
Project("{9A19103F-16F7-4668-BE54-9A1E7A4F7556}") = "AbstractDinerFileImplement", "AbstractDinerFileImplement\AbstractDinerFileImplement.csproj", "{4D4F9246-FC44-4F0A-A778-A0EF949ED934}"
	ProjectSection(ProjectDependencies) = postProject
		{BFD8121B-DF33-47F6-89E8-EB8585D96A95} = {BFD8121B-DF33-47F6-89E8-EB8585D96A95}
	EndProjectSection
EndProject
Project("{9A19103F-16F7-4668-BE54-9A1E7A4F7556}") = "AbstractDinerDatabaseImplement", "AbstractDinerDatabaseImplement\AbstractDinerDatabaseImplement.csproj", "{486D7DB4-82D3-407C-AA92-E69BFF8CEAF7}"
EndProject
Project("{9A19103F-16F7-4668-BE54-9A1E7A4F7556}") = "AbstractDinerRestApi", "AbstractDinerRestApi\AbstractDinerRestApi.csproj", "{6F5DF1CE-FF56-42A2-A82A-8727DEDD59FC}"
EndProject
Project("{FAE04EC0-301F-11D3-BF4B-00C04F79EFBC}") = "AbstractShowClientApp", "AbstractShowClientApp\AbstractShowClientApp.csproj", "{61682823-2983-4932-B5F1-B060C8055109}"
EndProject
Global
	GlobalSection(SolutionConfigurationPlatforms) = preSolution
		Debug|Any CPU = Debug|Any CPU
		Release|Any CPU = Release|Any CPU
	EndGlobalSection
	GlobalSection(ProjectConfigurationPlatforms) = postSolution
		{3F69EBA7-1D6A-4D8D-B83A-E9E70DE72A2B}.Debug|Any CPU.ActiveCfg = Debug|Any CPU
		{3F69EBA7-1D6A-4D8D-B83A-E9E70DE72A2B}.Debug|Any CPU.Build.0 = Debug|Any CPU
		{3F69EBA7-1D6A-4D8D-B83A-E9E70DE72A2B}.Release|Any CPU.ActiveCfg = Release|Any CPU
		{3F69EBA7-1D6A-4D8D-B83A-E9E70DE72A2B}.Release|Any CPU.Build.0 = Release|Any CPU
		{BFD8121B-DF33-47F6-89E8-EB8585D96A95}.Debug|Any CPU.ActiveCfg = Debug|Any CPU
		{BFD8121B-DF33-47F6-89E8-EB8585D96A95}.Debug|Any CPU.Build.0 = Debug|Any CPU
		{BFD8121B-DF33-47F6-89E8-EB8585D96A95}.Release|Any CPU.ActiveCfg = Release|Any CPU
		{BFD8121B-DF33-47F6-89E8-EB8585D96A95}.Release|Any CPU.Build.0 = Release|Any CPU
		{1D65AE2D-BCC9-4C79-B35A-8E1CCD56382C}.Debug|Any CPU.ActiveCfg = Debug|Any CPU
		{1D65AE2D-BCC9-4C79-B35A-8E1CCD56382C}.Debug|Any CPU.Build.0 = Debug|Any CPU
		{1D65AE2D-BCC9-4C79-B35A-8E1CCD56382C}.Release|Any CPU.ActiveCfg = Release|Any CPU
		{1D65AE2D-BCC9-4C79-B35A-8E1CCD56382C}.Release|Any CPU.Build.0 = Release|Any CPU
		{4D4F9246-FC44-4F0A-A778-A0EF949ED934}.Debug|Any CPU.ActiveCfg = Debug|Any CPU
		{4D4F9246-FC44-4F0A-A778-A0EF949ED934}.Debug|Any CPU.Build.0 = Debug|Any CPU
		{4D4F9246-FC44-4F0A-A778-A0EF949ED934}.Release|Any CPU.ActiveCfg = Release|Any CPU
		{4D4F9246-FC44-4F0A-A778-A0EF949ED934}.Release|Any CPU.Build.0 = Release|Any CPU
		{486D7DB4-82D3-407C-AA92-E69BFF8CEAF7}.Debug|Any CPU.ActiveCfg = Debug|Any CPU
		{486D7DB4-82D3-407C-AA92-E69BFF8CEAF7}.Debug|Any CPU.Build.0 = Debug|Any CPU
		{486D7DB4-82D3-407C-AA92-E69BFF8CEAF7}.Release|Any CPU.ActiveCfg = Release|Any CPU
		{486D7DB4-82D3-407C-AA92-E69BFF8CEAF7}.Release|Any CPU.Build.0 = Release|Any CPU
		{6F5DF1CE-FF56-42A2-A82A-8727DEDD59FC}.Debug|Any CPU.ActiveCfg = Debug|Any CPU
		{6F5DF1CE-FF56-42A2-A82A-8727DEDD59FC}.Debug|Any CPU.Build.0 = Debug|Any CPU
		{6F5DF1CE-FF56-42A2-A82A-8727DEDD59FC}.Release|Any CPU.ActiveCfg = Release|Any CPU
		{6F5DF1CE-FF56-42A2-A82A-8727DEDD59FC}.Release|Any CPU.Build.0 = Release|Any CPU
		{61682823-2983-4932-B5F1-B060C8055109}.Debug|Any CPU.ActiveCfg = Debug|Any CPU
		{61682823-2983-4932-B5F1-B060C8055109}.Debug|Any CPU.Build.0 = Debug|Any CPU
		{61682823-2983-4932-B5F1-B060C8055109}.Release|Any CPU.ActiveCfg = Release|Any CPU
		{61682823-2983-4932-B5F1-B060C8055109}.Release|Any CPU.Build.0 = Release|Any CPU
	EndGlobalSection
	GlobalSection(SolutionProperties) = preSolution
		HideSolutionNode = FALSE
	EndGlobalSection
	GlobalSection(ExtensibilityGlobals) = postSolution
		SolutionGuid = {00C764A2-E9BB-4F74-9637-92611FB7265B}
	EndGlobalSection
EndGlobal
